// !$*UTF8*$!
{
	archiveVersion = 1;
	classes = {
	};
	objectVersion = 50;
	objects = {

/* Begin PBXBuildFile section */
		6086E673216CE51A00AAAC2D /* AppDelegate.swift in Sources */ = {isa = PBXBuildFile; fileRef = 6086E672216CE51A00AAAC2D /* AppDelegate.swift */; };
		6086E675216CE51B00AAAC2D /* Assets.xcassets in Resources */ = {isa = PBXBuildFile; fileRef = 6086E674216CE51B00AAAC2D /* Assets.xcassets */; };
		6086E678216CE51B00AAAC2D /* MainMenu.xib in Resources */ = {isa = PBXBuildFile; fileRef = 6086E676216CE51B00AAAC2D /* MainMenu.xib */; };
		6086E684216CE51B00AAAC2D /* WeatherBarTests.swift in Sources */ = {isa = PBXBuildFile; fileRef = 6086E683216CE51B00AAAC2D /* WeatherBarTests.swift */; };
		6086E68F216CE51B00AAAC2D /* WeatherBarUITests.swift in Sources */ = {isa = PBXBuildFile; fileRef = 6086E68E216CE51B00AAAC2D /* WeatherBarUITests.swift */; };
		6086E69D216CF61C00AAAC2D /* StatusMenuController.swift in Sources */ = {isa = PBXBuildFile; fileRef = 6086E69C216CF61C00AAAC2D /* StatusMenuController.swift */; };
		6086E69F216D437000AAAC2D /* WeatherAPI.swift in Sources */ = {isa = PBXBuildFile; fileRef = 6086E69E216D437000AAAC2D /* WeatherAPI.swift */; };
		6086E6A4216E69C100AAAC2D /* WeatherView.swift in Sources */ = {isa = PBXBuildFile; fileRef = 6086E6A3216E69C100AAAC2D /* WeatherView.swift */; };
		6086E6A7216E721100AAAC2D /* PreferencesWindow.swift in Sources */ = {isa = PBXBuildFile; fileRef = 6086E6A5216E721100AAAC2D /* PreferencesWindow.swift */; };
		6086E6A8216E721100AAAC2D /* PreferencesWindow.xib in Resources */ = {isa = PBXBuildFile; fileRef = 6086E6A6216E721100AAAC2D /* PreferencesWindow.xib */; };
/* End PBXBuildFile section */

/* Begin PBXContainerItemProxy section */
		6086E680216CE51B00AAAC2D /* PBXContainerItemProxy */ = {
			isa = PBXContainerItemProxy;
			containerPortal = 6086E667216CE51A00AAAC2D /* Project object */;
			proxyType = 1;
			remoteGlobalIDString = 6086E66E216CE51A00AAAC2D;
			remoteInfo = WeatherBar;
		};
		6086E68B216CE51B00AAAC2D /* PBXContainerItemProxy */ = {
			isa = PBXContainerItemProxy;
			containerPortal = 6086E667216CE51A00AAAC2D /* Project object */;
			proxyType = 1;
			remoteGlobalIDString = 6086E66E216CE51A00AAAC2D;
			remoteInfo = WeatherBar;
		};
/* End PBXContainerItemProxy section */

/* Begin PBXFileReference section */
		6086E66F216CE51A00AAAC2D /* WeatherBar.app */ = {isa = PBXFileReference; explicitFileType = wrapper.application; includeInIndex = 0; path = WeatherBar.app; sourceTree = BUILT_PRODUCTS_DIR; };
		6086E672216CE51A00AAAC2D /* AppDelegate.swift */ = {isa = PBXFileReference; lastKnownFileType = sourcecode.swift; path = AppDelegate.swift; sourceTree = "<group>"; };
		6086E674216CE51B00AAAC2D /* Assets.xcassets */ = {isa = PBXFileReference; lastKnownFileType = folder.assetcatalog; path = Assets.xcassets; sourceTree = "<group>"; };
		6086E677216CE51B00AAAC2D /* Base */ = {isa = PBXFileReference; lastKnownFileType = file.xib; name = Base; path = Base.lproj/MainMenu.xib; sourceTree = "<group>"; };
		6086E679216CE51B00AAAC2D /* Info.plist */ = {isa = PBXFileReference; lastKnownFileType = text.plist.xml; path = Info.plist; sourceTree = "<group>"; };
		6086E67A216CE51B00AAAC2D /* WeatherBar.entitlements */ = {isa = PBXFileReference; lastKnownFileType = text.plist.entitlements; path = WeatherBar.entitlements; sourceTree = "<group>"; };
		6086E67F216CE51B00AAAC2D /* WeatherBarTests.xctest */ = {isa = PBXFileReference; explicitFileType = wrapper.cfbundle; includeInIndex = 0; path = WeatherBarTests.xctest; sourceTree = BUILT_PRODUCTS_DIR; };
		6086E683216CE51B00AAAC2D /* WeatherBarTests.swift */ = {isa = PBXFileReference; lastKnownFileType = sourcecode.swift; path = WeatherBarTests.swift; sourceTree = "<group>"; };
		6086E685216CE51B00AAAC2D /* Info.plist */ = {isa = PBXFileReference; lastKnownFileType = text.plist.xml; path = Info.plist; sourceTree = "<group>"; };
		6086E68A216CE51B00AAAC2D /* WeatherBarUITests.xctest */ = {isa = PBXFileReference; explicitFileType = wrapper.cfbundle; includeInIndex = 0; path = WeatherBarUITests.xctest; sourceTree = BUILT_PRODUCTS_DIR; };
		6086E68E216CE51B00AAAC2D /* WeatherBarUITests.swift */ = {isa = PBXFileReference; lastKnownFileType = sourcecode.swift; path = WeatherBarUITests.swift; sourceTree = "<group>"; };
		6086E690216CE51B00AAAC2D /* Info.plist */ = {isa = PBXFileReference; lastKnownFileType = text.plist.xml; path = Info.plist; sourceTree = "<group>"; };
		6086E69C216CF61C00AAAC2D /* StatusMenuController.swift */ = {isa = PBXFileReference; lastKnownFileType = sourcecode.swift; path = StatusMenuController.swift; sourceTree = "<group>"; };
		6086E69E216D437000AAAC2D /* WeatherAPI.swift */ = {isa = PBXFileReference; lastKnownFileType = sourcecode.swift; path = WeatherAPI.swift; sourceTree = "<group>"; };
		6086E6A1216E4D1A00AAAC2D /* NetworkExtension.framework */ = {isa = PBXFileReference; lastKnownFileType = wrapper.framework; name = NetworkExtension.framework; path = System/Library/Frameworks/NetworkExtension.framework; sourceTree = SDKROOT; };
		6086E6A3216E69C100AAAC2D /* WeatherView.swift */ = {isa = PBXFileReference; lastKnownFileType = sourcecode.swift; path = WeatherView.swift; sourceTree = "<group>"; };
		6086E6A5216E721100AAAC2D /* PreferencesWindow.swift */ = {isa = PBXFileReference; lastKnownFileType = sourcecode.swift; path = PreferencesWindow.swift; sourceTree = "<group>"; };
		6086E6A6216E721100AAAC2D /* PreferencesWindow.xib */ = {isa = PBXFileReference; lastKnownFileType = file.xib; path = PreferencesWindow.xib; sourceTree = "<group>"; };
/* End PBXFileReference section */

/* Begin PBXFrameworksBuildPhase section */
		6086E66C216CE51A00AAAC2D /* Frameworks */ = {
			isa = PBXFrameworksBuildPhase;
			buildActionMask = 2147483647;
			files = (
			);
			runOnlyForDeploymentPostprocessing = 0;
		};
		6086E67C216CE51B00AAAC2D /* Frameworks */ = {
			isa = PBXFrameworksBuildPhase;
			buildActionMask = 2147483647;
			files = (
			);
			runOnlyForDeploymentPostprocessing = 0;
		};
		6086E687216CE51B00AAAC2D /* Frameworks */ = {
			isa = PBXFrameworksBuildPhase;
			buildActionMask = 2147483647;
			files = (
			);
			runOnlyForDeploymentPostprocessing = 0;
		};
/* End PBXFrameworksBuildPhase section */

/* Begin PBXGroup section */
		6086E666216CE51A00AAAC2D = {
			isa = PBXGroup;
			children = (
				6086E69E216D437000AAAC2D /* WeatherAPI.swift */,
				6086E69C216CF61C00AAAC2D /* StatusMenuController.swift */,
				6086E671216CE51A00AAAC2D /* WeatherBar */,
				6086E682216CE51B00AAAC2D /* WeatherBarTests */,
				6086E68D216CE51B00AAAC2D /* WeatherBarUITests */,
				6086E670216CE51A00AAAC2D /* Products */,
				6086E6A0216E4D1A00AAAC2D /* Frameworks */,
			);
			sourceTree = "<group>";
		};
		6086E670216CE51A00AAAC2D /* Products */ = {
			isa = PBXGroup;
			children = (
				6086E66F216CE51A00AAAC2D /* WeatherBar.app */,
				6086E67F216CE51B00AAAC2D /* WeatherBarTests.xctest */,
				6086E68A216CE51B00AAAC2D /* WeatherBarUITests.xctest */,
			);
			name = Products;
			sourceTree = "<group>";
		};
		6086E671216CE51A00AAAC2D /* WeatherBar */ = {
			isa = PBXGroup;
			children = (
				6086E672216CE51A00AAAC2D /* AppDelegate.swift */,
				6086E674216CE51B00AAAC2D /* Assets.xcassets */,
				6086E676216CE51B00AAAC2D /* MainMenu.xib */,
				6086E6A5216E721100AAAC2D /* PreferencesWindow.swift */,
				6086E6A6216E721100AAAC2D /* PreferencesWindow.xib */,
				6086E6A3216E69C100AAAC2D /* WeatherView.swift */,
				6086E679216CE51B00AAAC2D /* Info.plist */,
				6086E67A216CE51B00AAAC2D /* WeatherBar.entitlements */,
			);
			path = WeatherBar;
			sourceTree = "<group>";
		};
		6086E682216CE51B00AAAC2D /* WeatherBarTests */ = {
			isa = PBXGroup;
			children = (
				6086E683216CE51B00AAAC2D /* WeatherBarTests.swift */,
				6086E685216CE51B00AAAC2D /* Info.plist */,
			);
			path = WeatherBarTests;
			sourceTree = "<group>";
		};
		6086E68D216CE51B00AAAC2D /* WeatherBarUITests */ = {
			isa = PBXGroup;
			children = (
				6086E68E216CE51B00AAAC2D /* WeatherBarUITests.swift */,
				6086E690216CE51B00AAAC2D /* Info.plist */,
			);
			path = WeatherBarUITests;
			sourceTree = "<group>";
		};
		6086E6A0216E4D1A00AAAC2D /* Frameworks */ = {
			isa = PBXGroup;
			children = (
				6086E6A1216E4D1A00AAAC2D /* NetworkExtension.framework */,
			);
			name = Frameworks;
			sourceTree = "<group>";
		};
/* End PBXGroup section */

/* Begin PBXNativeTarget section */
		6086E66E216CE51A00AAAC2D /* WeatherBar */ = {
			isa = PBXNativeTarget;
			buildConfigurationList = 6086E693216CE51B00AAAC2D /* Build configuration list for PBXNativeTarget "WeatherBar" */;
			buildPhases = (
				6086E66B216CE51A00AAAC2D /* Sources */,
				6086E66C216CE51A00AAAC2D /* Frameworks */,
				6086E66D216CE51A00AAAC2D /* Resources */,
			);
			buildRules = (
			);
			dependencies = (
			);
			name = WeatherBar;
			productName = WeatherBar;
			productReference = 6086E66F216CE51A00AAAC2D /* WeatherBar.app */;
			productType = "com.apple.product-type.application";
		};
		6086E67E216CE51B00AAAC2D /* WeatherBarTests */ = {
			isa = PBXNativeTarget;
			buildConfigurationList = 6086E696216CE51B00AAAC2D /* Build configuration list for PBXNativeTarget "WeatherBarTests" */;
			buildPhases = (
				6086E67B216CE51B00AAAC2D /* Sources */,
				6086E67C216CE51B00AAAC2D /* Frameworks */,
				6086E67D216CE51B00AAAC2D /* Resources */,
			);
			buildRules = (
			);
			dependencies = (
				6086E681216CE51B00AAAC2D /* PBXTargetDependency */,
			);
			name = WeatherBarTests;
			productName = WeatherBarTests;
			productReference = 6086E67F216CE51B00AAAC2D /* WeatherBarTests.xctest */;
			productType = "com.apple.product-type.bundle.unit-test";
		};
		6086E689216CE51B00AAAC2D /* WeatherBarUITests */ = {
			isa = PBXNativeTarget;
			buildConfigurationList = 6086E699216CE51B00AAAC2D /* Build configuration list for PBXNativeTarget "WeatherBarUITests" */;
			buildPhases = (
				6086E686216CE51B00AAAC2D /* Sources */,
				6086E687216CE51B00AAAC2D /* Frameworks */,
				6086E688216CE51B00AAAC2D /* Resources */,
			);
			buildRules = (
			);
			dependencies = (
				6086E68C216CE51B00AAAC2D /* PBXTargetDependency */,
			);
			name = WeatherBarUITests;
			productName = WeatherBarUITests;
			productReference = 6086E68A216CE51B00AAAC2D /* WeatherBarUITests.xctest */;
			productType = "com.apple.product-type.bundle.ui-testing";
		};
/* End PBXNativeTarget section */

/* Begin PBXProject section */
		6086E667216CE51A00AAAC2D /* Project object */ = {
			isa = PBXProject;
			attributes = {
				LastSwiftUpdateCheck = 1000;
				LastUpgradeCheck = 1000;
				ORGANIZATIONNAME = "Max Coplan";
				TargetAttributes = {
					6086E66E216CE51A00AAAC2D = {
						CreatedOnToolsVersion = 10.0;
						SystemCapabilities = {
							com.apple.NetworkExtensions = {
								enabled = 0;
							};
							com.apple.Sandbox = {
								enabled = 1;
							};
						};
					};
					6086E67E216CE51B00AAAC2D = {
						CreatedOnToolsVersion = 10.0;
						TestTargetID = 6086E66E216CE51A00AAAC2D;
					};
					6086E689216CE51B00AAAC2D = {
						CreatedOnToolsVersion = 10.0;
						TestTargetID = 6086E66E216CE51A00AAAC2D;
					};
				};
			};
			buildConfigurationList = 6086E66A216CE51A00AAAC2D /* Build configuration list for PBXProject "WeatherBar" */;
			compatibilityVersion = "Xcode 9.3";
			developmentRegion = en;
			hasScannedForEncodings = 0;
			knownRegions = (
				en,
				Base,
			);
			mainGroup = 6086E666216CE51A00AAAC2D;
			productRefGroup = 6086E670216CE51A00AAAC2D /* Products */;
			projectDirPath = "";
			projectRoot = "";
			targets = (
				6086E66E216CE51A00AAAC2D /* WeatherBar */,
				6086E67E216CE51B00AAAC2D /* WeatherBarTests */,
				6086E689216CE51B00AAAC2D /* WeatherBarUITests */,
			);
		};
/* End PBXProject section */

/* Begin PBXResourcesBuildPhase section */
		6086E66D216CE51A00AAAC2D /* Resources */ = {
			isa = PBXResourcesBuildPhase;
			buildActionMask = 2147483647;
			files = (
				6086E675216CE51B00AAAC2D /* Assets.xcassets in Resources */,
				6086E6A8216E721100AAAC2D /* PreferencesWindow.xib in Resources */,
				6086E678216CE51B00AAAC2D /* MainMenu.xib in Resources */,
			);
			runOnlyForDeploymentPostprocessing = 0;
		};
		6086E67D216CE51B00AAAC2D /* Resources */ = {
			isa = PBXResourcesBuildPhase;
			buildActionMask = 2147483647;
			files = (
			);
			runOnlyForDeploymentPostprocessing = 0;
		};
		6086E688216CE51B00AAAC2D /* Resources */ = {
			isa = PBXResourcesBuildPhase;
			buildActionMask = 2147483647;
			files = (
			);
			runOnlyForDeploymentPostprocessing = 0;
		};
/* End PBXResourcesBuildPhase section */

/* Begin PBXSourcesBuildPhase section */
		6086E66B216CE51A00AAAC2D /* Sources */ = {
			isa = PBXSourcesBuildPhase;
			buildActionMask = 2147483647;
			files = (
				6086E69F216D437000AAAC2D /* WeatherAPI.swift in Sources */,
				6086E6A7216E721100AAAC2D /* PreferencesWindow.swift in Sources */,
				6086E69D216CF61C00AAAC2D /* StatusMenuController.swift in Sources */,
				6086E673216CE51A00AAAC2D /* AppDelegate.swift in Sources */,
				6086E6A4216E69C100AAAC2D /* WeatherView.swift in Sources */,
			);
			runOnlyForDeploymentPostprocessing = 0;
		};
		6086E67B216CE51B00AAAC2D /* Sources */ = {
			isa = PBXSourcesBuildPhase;
			buildActionMask = 2147483647;
			files = (
				6086E684216CE51B00AAAC2D /* WeatherBarTests.swift in Sources */,
			);
			runOnlyForDeploymentPostprocessing = 0;
		};
		6086E686216CE51B00AAAC2D /* Sources */ = {
			isa = PBXSourcesBuildPhase;
			buildActionMask = 2147483647;
			files = (
				6086E68F216CE51B00AAAC2D /* WeatherBarUITests.swift in Sources */,
			);
			runOnlyForDeploymentPostprocessing = 0;
		};
/* End PBXSourcesBuildPhase section */

/* Begin PBXTargetDependency section */
		6086E681216CE51B00AAAC2D /* PBXTargetDependency */ = {
			isa = PBXTargetDependency;
			target = 6086E66E216CE51A00AAAC2D /* WeatherBar */;
			targetProxy = 6086E680216CE51B00AAAC2D /* PBXContainerItemProxy */;
		};
		6086E68C216CE51B00AAAC2D /* PBXTargetDependency */ = {
			isa = PBXTargetDependency;
			target = 6086E66E216CE51A00AAAC2D /* WeatherBar */;
			targetProxy = 6086E68B216CE51B00AAAC2D /* PBXContainerItemProxy */;
		};
/* End PBXTargetDependency section */

/* Begin PBXVariantGroup section */
		6086E676216CE51B00AAAC2D /* MainMenu.xib */ = {
			isa = PBXVariantGroup;
			children = (
				6086E677216CE51B00AAAC2D /* Base */,
			);
			name = MainMenu.xib;
			sourceTree = "<group>";
		};
/* End PBXVariantGroup section */

/* Begin XCBuildConfiguration section */
		6086E691216CE51B00AAAC2D /* Debug */ = {
			isa = XCBuildConfiguration;
			buildSettings = {
				ALWAYS_SEARCH_USER_PATHS = NO;
				CLANG_ANALYZER_NONNULL = YES;
				CLANG_ANALYZER_NUMBER_OBJECT_CONVERSION = YES_AGGRESSIVE;
				CLANG_CXX_LANGUAGE_STANDARD = "gnu++14";
				CLANG_CXX_LIBRARY = "libc++";
				CLANG_ENABLE_MODULES = YES;
				CLANG_ENABLE_OBJC_ARC = YES;
				CLANG_ENABLE_OBJC_WEAK = YES;
				CLANG_WARN_BLOCK_CAPTURE_AUTORELEASING = YES;
				CLANG_WARN_BOOL_CONVERSION = YES;
				CLANG_WARN_COMMA = YES;
				CLANG_WARN_CONSTANT_CONVERSION = YES;
				CLANG_WARN_DEPRECATED_OBJC_IMPLEMENTATIONS = YES;
				CLANG_WARN_DIRECT_OBJC_ISA_USAGE = YES_ERROR;
				CLANG_WARN_DOCUMENTATION_COMMENTS = YES;
				CLANG_WARN_EMPTY_BODY = YES;
				CLANG_WARN_ENUM_CONVERSION = YES;
				CLANG_WARN_INFINITE_RECURSION = YES;
				CLANG_WARN_INT_CONVERSION = YES;
				CLANG_WARN_NON_LITERAL_NULL_CONVERSION = YES;
				CLANG_WARN_OBJC_IMPLICIT_RETAIN_SELF = YES;
				CLANG_WARN_OBJC_LITERAL_CONVERSION = YES;
				CLANG_WARN_OBJC_ROOT_CLASS = YES_ERROR;
				CLANG_WARN_RANGE_LOOP_ANALYSIS = YES;
				CLANG_WARN_STRICT_PROTOTYPES = YES;
				CLANG_WARN_SUSPICIOUS_MOVE = YES;
				CLANG_WARN_UNGUARDED_AVAILABILITY = YES_AGGRESSIVE;
				CLANG_WARN_UNREACHABLE_CODE = YES;
				CLANG_WARN__DUPLICATE_METHOD_MATCH = YES;
				CODE_SIGN_IDENTITY = "-";
				COPY_PHASE_STRIP = NO;
				DEBUG_INFORMATION_FORMAT = dwarf;
				ENABLE_STRICT_OBJC_MSGSEND = YES;
				ENABLE_TESTABILITY = YES;
				GCC_C_LANGUAGE_STANDARD = gnu11;
				GCC_DYNAMIC_NO_PIC = NO;
				GCC_NO_COMMON_BLOCKS = YES;
				GCC_OPTIMIZATION_LEVEL = 0;
				GCC_PREPROCESSOR_DEFINITIONS = (
					"DEBUG=1",
					"$(inherited)",
				);
				GCC_WARN_64_TO_32_BIT_CONVERSION = YES;
				GCC_WARN_ABOUT_RETURN_TYPE = YES_ERROR;
				GCC_WARN_UNDECLARED_SELECTOR = YES;
				GCC_WARN_UNINITIALIZED_AUTOS = YES_AGGRESSIVE;
				GCC_WARN_UNUSED_FUNCTION = YES;
				GCC_WARN_UNUSED_VARIABLE = YES;
				MACOSX_DEPLOYMENT_TARGET = 10.14;
				MTL_ENABLE_DEBUG_INFO = INCLUDE_SOURCE;
				MTL_FAST_MATH = YES;
				ONLY_ACTIVE_ARCH = YES;
				SDKROOT = macosx;
				SWIFT_ACTIVE_COMPILATION_CONDITIONS = DEBUG;
				SWIFT_OPTIMIZATION_LEVEL = "-Onone";
			};
			name = Debug;
		};
		6086E692216CE51B00AAAC2D /* Release */ = {
			isa = XCBuildConfiguration;
			buildSettings = {
				ALWAYS_SEARCH_USER_PATHS = NO;
				CLANG_ANALYZER_NONNULL = YES;
				CLANG_ANALYZER_NUMBER_OBJECT_CONVERSION = YES_AGGRESSIVE;
				CLANG_CXX_LANGUAGE_STANDARD = "gnu++14";
				CLANG_CXX_LIBRARY = "libc++";
				CLANG_ENABLE_MODULES = YES;
				CLANG_ENABLE_OBJC_ARC = YES;
				CLANG_ENABLE_OBJC_WEAK = YES;
				CLANG_WARN_BLOCK_CAPTURE_AUTORELEASING = YES;
				CLANG_WARN_BOOL_CONVERSION = YES;
				CLANG_WARN_COMMA = YES;
				CLANG_WARN_CONSTANT_CONVERSION = YES;
				CLANG_WARN_DEPRECATED_OBJC_IMPLEMENTATIONS = YES;
				CLANG_WARN_DIRECT_OBJC_ISA_USAGE = YES_ERROR;
				CLANG_WARN_DOCUMENTATION_COMMENTS = YES;
				CLANG_WARN_EMPTY_BODY = YES;
				CLANG_WARN_ENUM_CONVERSION = YES;
				CLANG_WARN_INFINITE_RECURSION = YES;
				CLANG_WARN_INT_CONVERSION = YES;
				CLANG_WARN_NON_LITERAL_NULL_CONVERSION = YES;
				CLANG_WARN_OBJC_IMPLICIT_RETAIN_SELF = YES;
				CLANG_WARN_OBJC_LITERAL_CONVERSION = YES;
				CLANG_WARN_OBJC_ROOT_CLASS = YES_ERROR;
				CLANG_WARN_RANGE_LOOP_ANALYSIS = YES;
				CLANG_WARN_STRICT_PROTOTYPES = YES;
				CLANG_WARN_SUSPICIOUS_MOVE = YES;
				CLANG_WARN_UNGUARDED_AVAILABILITY = YES_AGGRESSIVE;
				CLANG_WARN_UNREACHABLE_CODE = YES;
				CLANG_WARN__DUPLICATE_METHOD_MATCH = YES;
				CODE_SIGN_IDENTITY = "-";
				COPY_PHASE_STRIP = NO;
				DEBUG_INFORMATION_FORMAT = "dwarf-with-dsym";
				ENABLE_NS_ASSERTIONS = NO;
				ENABLE_STRICT_OBJC_MSGSEND = YES;
				GCC_C_LANGUAGE_STANDARD = gnu11;
				GCC_NO_COMMON_BLOCKS = YES;
				GCC_WARN_64_TO_32_BIT_CONVERSION = YES;
				GCC_WARN_ABOUT_RETURN_TYPE = YES_ERROR;
				GCC_WARN_UNDECLARED_SELECTOR = YES;
				GCC_WARN_UNINITIALIZED_AUTOS = YES_AGGRESSIVE;
				GCC_WARN_UNUSED_FUNCTION = YES;
				GCC_WARN_UNUSED_VARIABLE = YES;
				MACOSX_DEPLOYMENT_TARGET = 10.14;
				MTL_ENABLE_DEBUG_INFO = NO;
				MTL_FAST_MATH = YES;
				SDKROOT = macosx;
				SWIFT_COMPILATION_MODE = wholemodule;
				SWIFT_OPTIMIZATION_LEVEL = "-O";
			};
			name = Release;
		};
		6086E694216CE51B00AAAC2D /* Debug */ = {
			isa = XCBuildConfiguration;
			buildSettings = {
				ASSETCATALOG_COMPILER_APPICON_NAME = AppIcon;
				CODE_SIGN_ENTITLEMENTS = WeatherBar/WeatherBar.entitlements;
				CODE_SIGN_IDENTITY = "Mac Developer";
				CODE_SIGN_STYLE = Automatic;
				COMBINE_HIDPI_IMAGES = YES;
				DEVELOPMENT_TEAM = GWKJRP4KM9;
				INFOPLIST_FILE = WeatherBar/Info.plist;
				LD_RUNPATH_SEARCH_PATHS = (
					"$(inherited)",
					"@executable_path/../Frameworks",
				);
				PRODUCT_BUNDLE_IDENTIFIER = org.Coplan.WeatherBar;
				PRODUCT_NAME = "$(TARGET_NAME)";
				PROVISIONING_PROFILE_SPECIFIER = "";
				SWIFT_VERSION = 4.2;
			};
			name = Debug;
		};
		6086E695216CE51B00AAAC2D /* Release */ = {
			isa = XCBuildConfiguration;
			buildSettings = {
				ASSETCATALOG_COMPILER_APPICON_NAME = AppIcon;
				CODE_SIGN_ENTITLEMENTS = WeatherBar/WeatherBar.entitlements;
				CODE_SIGN_IDENTITY = "Mac Developer";
				CODE_SIGN_STYLE = Automatic;
				COMBINE_HIDPI_IMAGES = YES;
				DEVELOPMENT_TEAM = GWKJRP4KM9;
				INFOPLIST_FILE = WeatherBar/Info.plist;
				LD_RUNPATH_SEARCH_PATHS = (
					"$(inherited)",
					"@executable_path/../Frameworks",
				);
				PRODUCT_BUNDLE_IDENTIFIER = org.Coplan.WeatherBar;
				PRODUCT_NAME = "$(TARGET_NAME)";
				PROVISIONING_PROFILE_SPECIFIER = "";
				SWIFT_VERSION = 4.2;
			};
			name = Release;
		};
		6086E697216CE51B00AAAC2D /* Debug */ = {
			isa = XCBuildConfiguration;
			buildSettings = {
				ALWAYS_EMBED_SWIFT_STANDARD_LIBRARIES = YES;
				BUNDLE_LOADER = "$(TEST_HOST)";
				CODE_SIGN_STYLE = Automatic;
				COMBINE_HIDPI_IMAGES = YES;
				INFOPLIST_FILE = WeatherBarTests/Info.plist;
				LD_RUNPATH_SEARCH_PATHS = (
					"$(inherited)",
					"@executable_path/../Frameworks",
					"@loader_path/../Frameworks",
				);
				PRODUCT_BUNDLE_IDENTIFIER = org.Coplan.WeatherBarTests;
				PRODUCT_NAME = "$(TARGET_NAME)";
				SWIFT_VERSION = 4.2;
				TEST_HOST = "$(BUILT_PRODUCTS_DIR)/WeatherBar.app/Contents/MacOS/WeatherBar";
			};
			name = Debug;
		};
		6086E698216CE51B00AAAC2D /* Release */ = {
			isa = XCBuildConfiguration;
			buildSettings = {
				ALWAYS_EMBED_SWIFT_STANDARD_LIBRARIES = YES;
				BUNDLE_LOADER = "$(TEST_HOST)";
				CODE_SIGN_STYLE = Automatic;
				COMBINE_HIDPI_IMAGES = YES;
				INFOPLIST_FILE = WeatherBarTests/Info.plist;
				LD_RUNPATH_SEARCH_PATHS = (
					"$(inherited)",
					"@executable_path/../Frameworks",
					"@loader_path/../Frameworks",
				);
				PRODUCT_BUNDLE_IDENTIFIER = org.Coplan.WeatherBarTests;
				PRODUCT_NAME = "$(TARGET_NAME)";
				SWIFT_VERSION = 4.2;
				TEST_HOST = "$(BUILT_PRODUCTS_DIR)/WeatherBar.app/Contents/MacOS/WeatherBar";
			};
			name = Release;
		};
		6086E69A216CE51B00AAAC2D /* Debug */ = {
			isa = XCBuildConfiguration;
			buildSettings = {
				ALWAYS_EMBED_SWIFT_STANDARD_LIBRARIES = YES;
				CODE_SIGN_STYLE = Automatic;
				COMBINE_HIDPI_IMAGES = YES;
				INFOPLIST_FILE = WeatherBarUITests/Info.plist;
				LD_RUNPATH_SEARCH_PATHS = (
					"$(inherited)",
					"@executable_path/../Frameworks",
					"@loader_path/../Frameworks",
				);
				PRODUCT_BUNDLE_IDENTIFIER = org.Coplan.WeatherBarUITests;
				PRODUCT_NAME = "$(TARGET_NAME)";
				SWIFT_VERSION = 4.2;
				TEST_TARGET_NAME = WeatherBar;
			};
			name = Debug;
		};
		6086E69B216CE51B00AAAC2D /* Release */ = {
			isa = XCBuildConfiguration;
			buildSettings = {
				ALWAYS_EMBED_SWIFT_STANDARD_LIBRARIES = YES;
				CODE_SIGN_STYLE = Automatic;
				COMBINE_HIDPI_IMAGES = YES;
				INFOPLIST_FILE = WeatherBarUITests/Info.plist;
				LD_RUNPATH_SEARCH_PATHS = (
					"$(inherited)",
					"@executable_path/../Frameworks",
					"@loader_path/../Frameworks",
				);
				PRODUCT_BUNDLE_IDENTIFIER = org.Coplan.WeatherBarUITests;
				PRODUCT_NAME = "$(TARGET_NAME)";
				SWIFT_VERSION = 4.2;
				TEST_TARGET_NAME = WeatherBar;
			};
			name = Release;
		};
/* End XCBuildConfiguration section */

/* Begin XCConfigurationList section */
		6086E66A216CE51A00AAAC2D /* Build configuration list for PBXProject "WeatherBar" */ = {
			isa = XCConfigurationList;
			buildConfigurations = (
				6086E691216CE51B00AAAC2D /* Debug */,
				6086E692216CE51B00AAAC2D /* Release */,
			);
			defaultConfigurationIsVisible = 0;
			defaultConfigurationName = Release;
		};
		6086E693216CE51B00AAAC2D /* Build configuration list for PBXNativeTarget "WeatherBar" */ = {
			isa = XCConfigurationList;
			buildConfigurations = (
				6086E694216CE51B00AAAC2D /* Debug */,
				6086E695216CE51B00AAAC2D /* Release */,
			);
			defaultConfigurationIsVisible = 0;
			defaultConfigurationName = Release;
		};
		6086E696216CE51B00AAAC2D /* Build configuration list for PBXNativeTarget "WeatherBarTests" */ = {
			isa = XCConfigurationList;
			buildConfigurations = (
				6086E697216CE51B00AAAC2D /* Debug */,
				6086E698216CE51B00AAAC2D /* Release */,
			);
			defaultConfigurationIsVisible = 0;
			defaultConfigurationName = Release;
		};
		6086E699216CE51B00AAAC2D /* Build configuration list for PBXNativeTarget "WeatherBarUITests" */ = {
			isa = XCConfigurationList;
			buildConfigurations = (
				6086E69A216CE51B00AAAC2D /* Debug */,
				6086E69B216CE51B00AAAC2D /* Release */,
			);
			defaultConfigurationIsVisible = 0;
			defaultConfigurationName = Release;
		};
/* End XCConfigurationList section */
	};
	rootObject = 6086E667216CE51A00AAAC2D /* Project object */;
}
